
Microsoft Visual Studio Solution File, Format Version 12.00
# Visual Studio Version 17
VisualStudioVersion = 17.2.32519.379
MinimumVisualStudioVersion = 10.0.40219.1
Project("{FAE04EC0-301F-11D3-BF4B-00C04F79EFBC}") = "prueba lectura csv", "prueba lectura csv\prueba lectura csv.csproj", "{067C8686-D0D9-4EFA-8AC0-0DB80731FC38}"
EndProject
Global
	GlobalSection(SolutionConfigurationPlatforms) = preSolution
		Debug|Any CPU = Debug|Any CPU
		Release|Any CPU = Release|Any CPU
	EndGlobalSection
	GlobalSection(ProjectConfigurationPlatforms) = postSolution
		{067C8686-D0D9-4EFA-8AC0-0DB80731FC38}.Debug|Any CPU.ActiveCfg = Debug|Any CPU
		{067C8686-D0D9-4EFA-8AC0-0DB80731FC38}.Debug|Any CPU.Build.0 = Debug|Any CPU
		{067C8686-D0D9-4EFA-8AC0-0DB80731FC38}.Release|Any CPU.ActiveCfg = Release|Any CPU
		{067C8686-D0D9-4EFA-8AC0-0DB80731FC38}.Release|Any CPU.Build.0 = Release|Any CPU
	EndGlobalSection
	GlobalSection(SolutionProperties) = preSolution
		HideSolutionNode = FALSE
	EndGlobalSection
	GlobalSection(ExtensibilityGlobals) = postSolution
		SolutionGuid = {D5FCE393-096B-426D-BC60-838ACB70493F}
	EndGlobalSection
EndGlobal
